
Microsoft Visual Studio Solution File, Format Version 12.00
# Blend for Visual Studio Version 17
VisualStudioVersion = 17.4.33213.308
MinimumVisualStudioVersion = 10.0.40219.1
Project("{FAE04EC0-301F-11D3-BF4B-00C04F79EFBC}") = "ErkeSmx", "ErkeSmx\ErkeSmx.csproj", "{C40B2AC6-C54C-4A13-BE7A-13F3822B032F}"
EndProject
Global
	GlobalSection(SolutionConfigurationPlatforms) = preSolution
		Debug|Any CPU = Debug|Any CPU
		Release|Any CPU = Release|Any CPU
	EndGlobalSection
	GlobalSection(ProjectConfigurationPlatforms) = postSolution
		{C40B2AC6-C54C-4A13-BE7A-13F3822B032F}.Debug|Any CPU.ActiveCfg = Debug|Any CPU
		{C40B2AC6-C54C-4A13-BE7A-13F3822B032F}.Debug|Any CPU.Build.0 = Debug|Any CPU
		{C40B2AC6-C54C-4A13-BE7A-13F3822B032F}.Release|Any CPU.ActiveCfg = Release|Any CPU
		{C40B2AC6-C54C-4A13-BE7A-13F3822B032F}.Release|Any CPU.Build.0 = Release|Any CPU
	EndGlobalSection
	GlobalSection(SolutionProperties) = preSolution
		HideSolutionNode = FALSE
	EndGlobalSection
	GlobalSection(ExtensibilityGlobals) = postSolution
		SolutionGuid = {B65D16A9-76C9-4FEA-B165-04D54601229F}
	EndGlobalSection
EndGlobal
